
Microsoft Visual Studio Solution File, Format Version 12.00
# Visual Studio Version 16
VisualStudioVersion = 16.0.29403.142
MinimumVisualStudioVersion = 10.0.40219.1
Project("{FAE04EC0-301F-11D3-BF4B-00C04F79EFBC}") = "C Sharp 8 New Features", "C Sharp 8 New Features.csproj", "{B63921E7-57CD-4B1B-B906-DB5F01BB2685}"
EndProject
Global
	GlobalSection(SolutionConfigurationPlatforms) = preSolution
		Debug|Any CPU = Debug|Any CPU
		Release|Any CPU = Release|Any CPU
	EndGlobalSection
	GlobalSection(ProjectConfigurationPlatforms) = postSolution
		{B63921E7-57CD-4B1B-B906-DB5F01BB2685}.Debug|Any CPU.ActiveCfg = Debug|Any CPU
		{B63921E7-57CD-4B1B-B906-DB5F01BB2685}.Debug|Any CPU.Build.0 = Debug|Any CPU
		{B63921E7-57CD-4B1B-B906-DB5F01BB2685}.Release|Any CPU.ActiveCfg = Release|Any CPU
		{B63921E7-57CD-4B1B-B906-DB5F01BB2685}.Release|Any CPU.Build.0 = Release|Any CPU
	EndGlobalSection
	GlobalSection(SolutionProperties) = preSolution
		HideSolutionNode = FALSE
	EndGlobalSection
	GlobalSection(ExtensibilityGlobals) = postSolution
		SolutionGuid = {FA28C340-2B11-418B-BD7A-71F6BD467D35}
	EndGlobalSection
EndGlobal
